{
  "version": 4,
  "terraform_version": "0.15.0",
  "serial": 7,
  "lineage": "1bde5cfb-de15-0b9d-4fcd-a3af9fc396bb",
  "outputs": {},
  "resources": [
    {
      "mode": "managed",
      "type": "azurerm_resource_group",
      "name": "rg",
      "provider": "provider[\"registry.terraform.io/hashicorp/azurerm\"]",
      "instances": [
        {
          "schema_version": 0,
          "attributes": {
            "id": "/subscriptions/33c835cb-9a9e-48a1-a44f-58896d972ed7/resourceGroups/rg-daniel-velasquez",
            "location": "westeurope",
            "name": "rg-daniel-velasquez",
            "tags": {},
            "timeouts": null
          },
          "sensitive_attributes": [],
          "private": "eyJlMmJmYjczMC1lY2FhLTExZTYtOGY4OC0zNDM2M2JjN2M0YzAiOnsiY3JlYXRlIjo1NDAwMDAwMDAwMDAwLCJkZWxldGUiOjU0MDAwMDAwMDAwMDAsInJlYWQiOjMwMDAwMDAwMDAwMCwidXBkYXRlIjo1NDAwMDAwMDAwMDAwfX0="
        }
      ]
    },
    {
      "mode": "managed",
      "type": "azurerm_storage_account",
      "name": "storage-account",
      "provider": "provider[\"registry.terraform.io/hashicorp/azurerm\"]",
      "instances": [
        {
          "schema_version": 2,
          "attributes": {
            "access_tier": "Hot",
            "account_kind": "StorageV2",
            "account_replication_type": "GRS",
            "account_tier": "Standard",
            "allow_blob_public_access": false,
            "blob_properties": [],
            "custom_domain": [],
            "enable_https_traffic_only": true,
            "id": "/subscriptions/33c835cb-9a9e-48a1-a44f-58896d972ed7/resourceGroups/rg-daniel-velasquez/providers/Microsoft.Storage/storageAccounts/inputfiledanielvelasquez",
            "identity": [],
            "is_hns_enabled": false,
            "large_file_share_enabled": null,
            "location": "westeurope",
            "min_tls_version": "TLS1_0",
            "name": "inputfiledanielvelasquez",
            "network_rules": [
              {
                "bypass": [
                  "AzureServices"
                ],
                "default_action": "Allow",
                "ip_rules": [],
                "virtual_network_subnet_ids": []
              }
            ],
            "primary_access_key": "ypiGJvKaFJw6GGlq8MpSdSIQim+yBoXyXxXbu8NSit0/rHZvI35pUcuKi9E7wX7RUPjwTvSgPvZ5wbKYQ8nISQ==",
            "primary_blob_connection_string": "DefaultEndpointsProtocol=https;BlobEndpoint=https://inputfiledanielvelasquez.blob.core.windows.net/;AccountName=inputfiledanielvelasquez;AccountKey=ypiGJvKaFJw6GGlq8MpSdSIQim+yBoXyXxXbu8NSit0/rHZvI35pUcuKi9E7wX7RUPjwTvSgPvZ5wbKYQ8nISQ==",
            "primary_blob_endpoint": "https://inputfiledanielvelasquez.blob.core.windows.net/",
            "primary_blob_host": "inputfiledanielvelasquez.blob.core.windows.net",
            "primary_connection_string": "DefaultEndpointsProtocol=https;AccountName=inputfiledanielvelasquez;AccountKey=ypiGJvKaFJw6GGlq8MpSdSIQim+yBoXyXxXbu8NSit0/rHZvI35pUcuKi9E7wX7RUPjwTvSgPvZ5wbKYQ8nISQ==;EndpointSuffix=core.windows.net",
            "primary_dfs_endpoint": "https://inputfiledanielvelasquez.dfs.core.windows.net/",
            "primary_dfs_host": "inputfiledanielvelasquez.dfs.core.windows.net",
            "primary_file_endpoint": "https://inputfiledanielvelasquez.file.core.windows.net/",
            "primary_file_host": "inputfiledanielvelasquez.file.core.windows.net",
            "primary_location": "westeurope",
            "primary_queue_endpoint": "https://inputfiledanielvelasquez.queue.core.windows.net/",
            "primary_queue_host": "inputfiledanielvelasquez.queue.core.windows.net",
            "primary_table_endpoint": "https://inputfiledanielvelasquez.table.core.windows.net/",
            "primary_table_host": "inputfiledanielvelasquez.table.core.windows.net",
            "primary_web_endpoint": "https://inputfiledanielvelasquez.z6.web.core.windows.net/",
            "primary_web_host": "inputfiledanielvelasquez.z6.web.core.windows.net",
            "queue_properties": [
              {
                "cors_rule": [],
                "hour_metrics": [
                  {
                    "enabled": true,
                    "include_apis": true,
                    "retention_policy_days": 7,
                    "version": "1.0"
                  }
                ],
                "logging": [
                  {
                    "delete": false,
                    "read": false,
                    "retention_policy_days": 0,
                    "version": "1.0",
                    "write": false
                  }
                ],
                "minute_metrics": [
                  {
                    "enabled": false,
                    "include_apis": false,
                    "retention_policy_days": 0,
                    "version": "1.0"
                  }
                ]
              }
            ],
            "resource_group_name": "rg-daniel-velasquez",
            "secondary_access_key": "UtWL+Ht9ZJVva4RIa3GiIOT2AAQGGPY4Be809tkicFiyhadXW9n37j1eNuBcFDikmy+pCI8R86R4sIq6b8Pymg==",
            "secondary_blob_connection_string": "",
            "secondary_blob_endpoint": null,
            "secondary_blob_host": null,
            "secondary_connection_string": "DefaultEndpointsProtocol=https;AccountName=inputfiledanielvelasquez;AccountKey=UtWL+Ht9ZJVva4RIa3GiIOT2AAQGGPY4Be809tkicFiyhadXW9n37j1eNuBcFDikmy+pCI8R86R4sIq6b8Pymg==;EndpointSuffix=core.windows.net",
            "secondary_dfs_endpoint": null,
            "secondary_dfs_host": null,
            "secondary_file_endpoint": null,
            "secondary_file_host": null,
            "secondary_location": "northeurope",
            "secondary_queue_endpoint": null,
            "secondary_queue_host": null,
            "secondary_table_endpoint": null,
            "secondary_table_host": null,
            "secondary_web_endpoint": null,
            "secondary_web_host": null,
            "static_website": [],
            "tags": {
              "environment": "pruebaTecnica"
            },
            "timeouts": null
          },
          "sensitive_attributes": [],
          "private": "eyJlMmJmYjczMC1lY2FhLTExZTYtOGY4OC0zNDM2M2JjN2M0YzAiOnsiY3JlYXRlIjozNjAwMDAwMDAwMDAwLCJkZWxldGUiOjM2MDAwMDAwMDAwMDAsInJlYWQiOjMwMDAwMDAwMDAwMCwidXBkYXRlIjozNjAwMDAwMDAwMDAwfSwic2NoZW1hX3ZlcnNpb24iOiIyIn0=",
          "dependencies": [
            "azurerm_resource_group.rg"
          ]
        }
      ]
    }
  ]
}
